Microsoft Visual Studio Solution File, Format Version 10.00
# Visual Studio 2008
Project("{8BC9CEB8-8B4A-11D0-8D11-00A0C91BC942}") = "ALL_BUILD", "ALL_BUILD.vcproj", "{3763C765-991A-44DE-BA7C-44F3402456A9}"
	ProjectSection(ProjectDependencies) = postProject
		{E03CD301-469B-4C7D-9F2D-27506B91A568} = {E03CD301-469B-4C7D-9F2D-27506B91A568}
		{D0D189E1-2740-48F1-8ED0-565AC9F1B826} = {D0D189E1-2740-48F1-8ED0-565AC9F1B826}
		{C26CDEA6-7F2B-4F92-A63E-8E6715DA7A62} = {C26CDEA6-7F2B-4F92-A63E-8E6715DA7A62}
		{549643DD-82D6-463B-AEEB-56B24990AEB7} = {549643DD-82D6-463B-AEEB-56B24990AEB7}
	EndProjectSection
EndProject
Project("{8BC9CEB8-8B4A-11D0-8D11-00A0C91BC942}") = "INSTALL", "INSTALL.vcproj", "{4F8D4E18-DF9A-4F31-B209-93106763E197}"
	ProjectSection(ProjectDependencies) = postProject
		{3763C765-991A-44DE-BA7C-44F3402456A9} = {3763C765-991A-44DE-BA7C-44F3402456A9}
	EndProjectSection
EndProject
Project("{8BC9CEB8-8B4A-11D0-8D11-00A0C91BC942}") = "RUN_TESTS", "RUN_TESTS.vcproj", "{C3726FDC-2A4F-43EB-882A-F69BD4A5779B}"
	ProjectSection(ProjectDependencies) = postProject
	EndProjectSection
EndProject
Project("{8BC9CEB8-8B4A-11D0-8D11-00A0C91BC942}") = "ZERO_CHECK", "ZERO_CHECK.vcproj", "{E03CD301-469B-4C7D-9F2D-27506B91A568}"
	ProjectSection(ProjectDependencies) = postProject
	EndProjectSection
EndProject
Project("{8BC9CEB8-8B4A-11D0-8D11-00A0C91BC942}") = "parse", "util\parse.vcproj", "{D0D189E1-2740-48F1-8ED0-565AC9F1B826}"
	ProjectSection(ProjectDependencies) = postProject
		{E03CD301-469B-4C7D-9F2D-27506B91A568} = {E03CD301-469B-4C7D-9F2D-27506B91A568}
		{549643DD-82D6-463B-AEEB-56B24990AEB7} = {549643DD-82D6-463B-AEEB-56B24990AEB7}
	EndProjectSection
EndProject
Project("{8BC9CEB8-8B4A-11D0-8D11-00A0C91BC942}") = "run-tests", "test\run-tests.vcproj", "{C26CDEA6-7F2B-4F92-A63E-8E6715DA7A62}"
	ProjectSection(ProjectDependencies) = postProject
		{E03CD301-469B-4C7D-9F2D-27506B91A568} = {E03CD301-469B-4C7D-9F2D-27506B91A568}
		{549643DD-82D6-463B-AEEB-56B24990AEB7} = {549643DD-82D6-463B-AEEB-56B24990AEB7}
	EndProjectSection
EndProject
Project("{8BC9CEB8-8B4A-11D0-8D11-00A0C91BC942}") = "yaml-cpp", "yaml-cpp.vcproj", "{549643DD-82D6-463B-AEEB-56B24990AEB7}"
	ProjectSection(ProjectDependencies) = postProject
		{E03CD301-469B-4C7D-9F2D-27506B91A568} = {E03CD301-469B-4C7D-9F2D-27506B91A568}
	EndProjectSection
EndProject
Global
	GlobalSection(SolutionConfigurationPlatforms) = preSolution
		Debug|Win32 = Debug|Win32
		Release|Win32 = Release|Win32
		MinSizeRel|Win32 = MinSizeRel|Win32
		RelWithDebInfo|Win32 = RelWithDebInfo|Win32
	EndGlobalSection
	GlobalSection(ProjectConfigurationPlatforms) = postSolution
		{3763C765-991A-44DE-BA7C-44F3402456A9}.Debug|Win32.ActiveCfg = Debug|Win32
		{3763C765-991A-44DE-BA7C-44F3402456A9}.Debug|Win32.Build.0 = Debug|Win32
		{3763C765-991A-44DE-BA7C-44F3402456A9}.Release|Win32.ActiveCfg = Release|Win32
		{3763C765-991A-44DE-BA7C-44F3402456A9}.Release|Win32.Build.0 = Release|Win32
		{3763C765-991A-44DE-BA7C-44F3402456A9}.MinSizeRel|Win32.ActiveCfg = MinSizeRel|Win32
		{3763C765-991A-44DE-BA7C-44F3402456A9}.MinSizeRel|Win32.Build.0 = MinSizeRel|Win32
		{3763C765-991A-44DE-BA7C-44F3402456A9}.RelWithDebInfo|Win32.ActiveCfg = RelWithDebInfo|Win32
		{3763C765-991A-44DE-BA7C-44F3402456A9}.RelWithDebInfo|Win32.Build.0 = RelWithDebInfo|Win32
		{4F8D4E18-DF9A-4F31-B209-93106763E197}.Debug|Win32.ActiveCfg = Debug|Win32
		{4F8D4E18-DF9A-4F31-B209-93106763E197}.Release|Win32.ActiveCfg = Release|Win32
		{4F8D4E18-DF9A-4F31-B209-93106763E197}.MinSizeRel|Win32.ActiveCfg = MinSizeRel|Win32
		{4F8D4E18-DF9A-4F31-B209-93106763E197}.RelWithDebInfo|Win32.ActiveCfg = RelWithDebInfo|Win32
		{C3726FDC-2A4F-43EB-882A-F69BD4A5779B}.Debug|Win32.ActiveCfg = Debug|Win32
		{C3726FDC-2A4F-43EB-882A-F69BD4A5779B}.Release|Win32.ActiveCfg = Release|Win32
		{C3726FDC-2A4F-43EB-882A-F69BD4A5779B}.MinSizeRel|Win32.ActiveCfg = MinSizeRel|Win32
		{C3726FDC-2A4F-43EB-882A-F69BD4A5779B}.RelWithDebInfo|Win32.ActiveCfg = RelWithDebInfo|Win32
		{E03CD301-469B-4C7D-9F2D-27506B91A568}.Debug|Win32.ActiveCfg = Debug|Win32
		{E03CD301-469B-4C7D-9F2D-27506B91A568}.Debug|Win32.Build.0 = Debug|Win32
		{E03CD301-469B-4C7D-9F2D-27506B91A568}.Release|Win32.ActiveCfg = Release|Win32
		{E03CD301-469B-4C7D-9F2D-27506B91A568}.Release|Win32.Build.0 = Release|Win32
		{E03CD301-469B-4C7D-9F2D-27506B91A568}.MinSizeRel|Win32.ActiveCfg = MinSizeRel|Win32
		{E03CD301-469B-4C7D-9F2D-27506B91A568}.MinSizeRel|Win32.Build.0 = MinSizeRel|Win32
		{E03CD301-469B-4C7D-9F2D-27506B91A568}.RelWithDebInfo|Win32.ActiveCfg = RelWithDebInfo|Win32
		{E03CD301-469B-4C7D-9F2D-27506B91A568}.RelWithDebInfo|Win32.Build.0 = RelWithDebInfo|Win32
		{D0D189E1-2740-48F1-8ED0-565AC9F1B826}.Debug|Win32.ActiveCfg = Debug|Win32
		{D0D189E1-2740-48F1-8ED0-565AC9F1B826}.Debug|Win32.Build.0 = Debug|Win32
		{D0D189E1-2740-48F1-8ED0-565AC9F1B826}.Release|Win32.ActiveCfg = Release|Win32
		{D0D189E1-2740-48F1-8ED0-565AC9F1B826}.Release|Win32.Build.0 = Release|Win32
		{D0D189E1-2740-48F1-8ED0-565AC9F1B826}.MinSizeRel|Win32.ActiveCfg = MinSizeRel|Win32
		{D0D189E1-2740-48F1-8ED0-565AC9F1B826}.MinSizeRel|Win32.Build.0 = MinSizeRel|Win32
		{D0D189E1-2740-48F1-8ED0-565AC9F1B826}.RelWithDebInfo|Win32.ActiveCfg = RelWithDebInfo|Win32
		{D0D189E1-2740-48F1-8ED0-565AC9F1B826}.RelWithDebInfo|Win32.Build.0 = RelWithDebInfo|Win32
		{C26CDEA6-7F2B-4F92-A63E-8E6715DA7A62}.Debug|Win32.ActiveCfg = Debug|Win32
		{C26CDEA6-7F2B-4F92-A63E-8E6715DA7A62}.Debug|Win32.Build.0 = Debug|Win32
		{C26CDEA6-7F2B-4F92-A63E-8E6715DA7A62}.Release|Win32.ActiveCfg = Release|Win32
		{C26CDEA6-7F2B-4F92-A63E-8E6715DA7A62}.Release|Win32.Build.0 = Release|Win32
		{C26CDEA6-7F2B-4F92-A63E-8E6715DA7A62}.MinSizeRel|Win32.ActiveCfg = MinSizeRel|Win32
		{C26CDEA6-7F2B-4F92-A63E-8E6715DA7A62}.MinSizeRel|Win32.Build.0 = MinSizeRel|Win32
		{C26CDEA6-7F2B-4F92-A63E-8E6715DA7A62}.RelWithDebInfo|Win32.ActiveCfg = RelWithDebInfo|Win32
		{C26CDEA6-7F2B-4F92-A63E-8E6715DA7A62}.RelWithDebInfo|Win32.Build.0 = RelWithDebInfo|Win32
		{549643DD-82D6-463B-AEEB-56B24990AEB7}.Debug|Win32.ActiveCfg = Debug|Win32
		{549643DD-82D6-463B-AEEB-56B24990AEB7}.Debug|Win32.Build.0 = Debug|Win32
		{549643DD-82D6-463B-AEEB-56B24990AEB7}.Release|Win32.ActiveCfg = Release|Win32
		{549643DD-82D6-463B-AEEB-56B24990AEB7}.Release|Win32.Build.0 = Release|Win32
		{549643DD-82D6-463B-AEEB-56B24990AEB7}.MinSizeRel|Win32.ActiveCfg = MinSizeRel|Win32
		{549643DD-82D6-463B-AEEB-56B24990AEB7}.MinSizeRel|Win32.Build.0 = MinSizeRel|Win32
		{549643DD-82D6-463B-AEEB-56B24990AEB7}.RelWithDebInfo|Win32.ActiveCfg = RelWithDebInfo|Win32
		{549643DD-82D6-463B-AEEB-56B24990AEB7}.RelWithDebInfo|Win32.Build.0 = RelWithDebInfo|Win32
	EndGlobalSection
	GlobalSection(ExtensibilityGlobals) = postSolution
	EndGlobalSection
	GlobalSection(ExtensibilityAddIns) = postSolution
	EndGlobalSection
EndGlobal
